
Microsoft Visual Studio Solution File, Format Version 12.00
# Visual Studio Version 17
VisualStudioVersion = 17.14.36221.1 d17.14
MinimumVisualStudioVersion = 10.0.40219.1
Project("{2150E333-8FDC-42A3-9474-1A3956D46DE8}") = "src", "src", "{02EA681E-C7D8-13C7-8484-4AC65E1B71E8}"
EndProject
Project("{FAE04EC0-301F-11D3-BF4B-00C04F79EFBC}") = "Wanderling.Api", "Wanderling.Api\Wanderling.Api.csproj", "{B9B72C4C-AA2C-4F41-B408-9C3EDED44B7C}"
EndProject
Project("{FAE04EC0-301F-11D3-BF4B-00C04F79EFBC}") = "Wanderling.Application", "Wanderling.Application\Wanderling.Application.csproj", "{DFA023DD-CD7C-4224-B0FC-F590BB40FC5E}"
EndProject
Project("{FAE04EC0-301F-11D3-BF4B-00C04F79EFBC}") = "Wanderling.Domain", "Wanderling.Domain\Wanderling.Domain.csproj", "{1A5952EB-2246-4453-A0CD-2ABE7BFD04BC}"
EndProject
Project("{FAE04EC0-301F-11D3-BF4B-00C04F79EFBC}") = "Wanderling.Infrastructure", "Wanderling.Infrastructure\Wanderling.Infrastructure.csproj", "{D75794E1-5694-42A3-8D1C-DD1C85015DB1}"
EndProject
Global
	GlobalSection(SolutionConfigurationPlatforms) = preSolution
		Debug|Any CPU = Debug|Any CPU
		Release|Any CPU = Release|Any CPU
	EndGlobalSection
	GlobalSection(ProjectConfigurationPlatforms) = postSolution
		{B9B72C4C-AA2C-4F41-B408-9C3EDED44B7C}.Debug|Any CPU.ActiveCfg = Debug|Any CPU
		{B9B72C4C-AA2C-4F41-B408-9C3EDED44B7C}.Debug|Any CPU.Build.0 = Debug|Any CPU
		{B9B72C4C-AA2C-4F41-B408-9C3EDED44B7C}.Release|Any CPU.ActiveCfg = Release|Any CPU
		{B9B72C4C-AA2C-4F41-B408-9C3EDED44B7C}.Release|Any CPU.Build.0 = Release|Any CPU
		{DFA023DD-CD7C-4224-B0FC-F590BB40FC5E}.Debug|Any CPU.ActiveCfg = Debug|Any CPU
		{DFA023DD-CD7C-4224-B0FC-F590BB40FC5E}.Debug|Any CPU.Build.0 = Debug|Any CPU
		{DFA023DD-CD7C-4224-B0FC-F590BB40FC5E}.Release|Any CPU.ActiveCfg = Release|Any CPU
		{DFA023DD-CD7C-4224-B0FC-F590BB40FC5E}.Release|Any CPU.Build.0 = Release|Any CPU
		{1A5952EB-2246-4453-A0CD-2ABE7BFD04BC}.Debug|Any CPU.ActiveCfg = Debug|Any CPU
		{1A5952EB-2246-4453-A0CD-2ABE7BFD04BC}.Debug|Any CPU.Build.0 = Debug|Any CPU
		{1A5952EB-2246-4453-A0CD-2ABE7BFD04BC}.Release|Any CPU.ActiveCfg = Release|Any CPU
		{1A5952EB-2246-4453-A0CD-2ABE7BFD04BC}.Release|Any CPU.Build.0 = Release|Any CPU
		{D75794E1-5694-42A3-8D1C-DD1C85015DB1}.Debug|Any CPU.ActiveCfg = Debug|Any CPU
		{D75794E1-5694-42A3-8D1C-DD1C85015DB1}.Debug|Any CPU.Build.0 = Debug|Any CPU
		{D75794E1-5694-42A3-8D1C-DD1C85015DB1}.Release|Any CPU.ActiveCfg = Release|Any CPU
		{D75794E1-5694-42A3-8D1C-DD1C85015DB1}.Release|Any CPU.Build.0 = Release|Any CPU
	EndGlobalSection
	GlobalSection(SolutionProperties) = preSolution
		HideSolutionNode = FALSE
	EndGlobalSection
	GlobalSection(NestedProjects) = preSolution
		{B9B72C4C-AA2C-4F41-B408-9C3EDED44B7C} = {02EA681E-C7D8-13C7-8484-4AC65E1B71E8}
		{DFA023DD-CD7C-4224-B0FC-F590BB40FC5E} = {02EA681E-C7D8-13C7-8484-4AC65E1B71E8}
		{1A5952EB-2246-4453-A0CD-2ABE7BFD04BC} = {02EA681E-C7D8-13C7-8484-4AC65E1B71E8}
		{D75794E1-5694-42A3-8D1C-DD1C85015DB1} = {02EA681E-C7D8-13C7-8484-4AC65E1B71E8}
	EndGlobalSection
	GlobalSection(ExtensibilityGlobals) = postSolution
		SolutionGuid = {987A28D9-96F9-4B35-866A-0AB5247BCCA2}
	EndGlobalSection
EndGlobal
